
Microsoft Visual Studio Solution File, Format Version 11.00
# Visual Studio 2010
Project("{E24C65DC-7377-472B-9ABA-BC803B73C61A}") = "youtubedash", "..\..\..\..\Downloads\youtubedash\youtubedash\", "{6C59784A-4D4F-4504-9D17-2DC6372F0C9F}"
	ProjectSection(WebsiteProperties) = preProject
		TargetFrameworkMoniker = ".NETFramework,Version%3Dv4.0"
		ProjectReferences = "{8874DB96-0934-46D6-8A44-6E30DBC19E31}|Model.dll;"
		Debug.AspNetCompiler.VirtualPath = "/youtubedash"
		Debug.AspNetCompiler.PhysicalPath = "..\..\..\..\Downloads\youtubedash\youtubedash\"
		Debug.AspNetCompiler.TargetPath = "PrecompiledWeb\youtubedash\"
		Debug.AspNetCompiler.Updateable = "true"
		Debug.AspNetCompiler.ForceOverwrite = "true"
		Debug.AspNetCompiler.FixedNames = "false"
		Debug.AspNetCompiler.Debug = "True"
		Release.AspNetCompiler.VirtualPath = "/youtubedash"
		Release.AspNetCompiler.PhysicalPath = "..\..\..\..\Downloads\youtubedash\youtubedash\"
		Release.AspNetCompiler.TargetPath = "PrecompiledWeb\youtubedash\"
		Release.AspNetCompiler.Updateable = "true"
		Release.AspNetCompiler.ForceOverwrite = "true"
		Release.AspNetCompiler.FixedNames = "false"
		Release.AspNetCompiler.Debug = "False"
		VWDPort = "64318"
	EndProjectSection
EndProject
Project("{FAE04EC0-301F-11D3-BF4B-00C04F79EFBC}") = "Model", "Model\Model.csproj", "{8874DB96-0934-46D6-8A44-6E30DBC19E31}"
EndProject
Global
	GlobalSection(SolutionConfigurationPlatforms) = preSolution
		Debug|Any CPU = Debug|Any CPU
		Release|Any CPU = Release|Any CPU
	EndGlobalSection
	GlobalSection(ProjectConfigurationPlatforms) = postSolution
		{6C59784A-4D4F-4504-9D17-2DC6372F0C9F}.Debug|Any CPU.ActiveCfg = Debug|Any CPU
		{6C59784A-4D4F-4504-9D17-2DC6372F0C9F}.Debug|Any CPU.Build.0 = Debug|Any CPU
		{6C59784A-4D4F-4504-9D17-2DC6372F0C9F}.Release|Any CPU.ActiveCfg = Debug|Any CPU
		{6C59784A-4D4F-4504-9D17-2DC6372F0C9F}.Release|Any CPU.Build.0 = Debug|Any CPU
		{8874DB96-0934-46D6-8A44-6E30DBC19E31}.Debug|Any CPU.ActiveCfg = Debug|Any CPU
		{8874DB96-0934-46D6-8A44-6E30DBC19E31}.Debug|Any CPU.Build.0 = Debug|Any CPU
		{8874DB96-0934-46D6-8A44-6E30DBC19E31}.Release|Any CPU.ActiveCfg = Release|Any CPU
		{8874DB96-0934-46D6-8A44-6E30DBC19E31}.Release|Any CPU.Build.0 = Release|Any CPU
	EndGlobalSection
	GlobalSection(SolutionProperties) = preSolution
		HideSolutionNode = FALSE
	EndGlobalSection
EndGlobal
